// !$*UTF8*$!
{
	archiveVersion = 1;
	classes = {
	};
	objectVersion = 46;
	objects = {

/* Begin PBXBuildFile section */
		1DB4166D1C97E55F006F3A50 /* main.m in Sources */ = {isa = PBXBuildFile; fileRef = 1DB4166C1C97E55F006F3A50 /* main.m */; };
		1DB416701C97E55F006F3A50 /* AppDelegate.m in Sources */ = {isa = PBXBuildFile; fileRef = 1DB4166F1C97E55F006F3A50 /* AppDelegate.m */; };
		1DB416731C97E55F006F3A50 /* ViewController.m in Sources */ = {isa = PBXBuildFile; fileRef = 1DB416721C97E55F006F3A50 /* ViewController.m */; };
		1DB416761C97E55F006F3A50 /* Main.storyboard in Resources */ = {isa = PBXBuildFile; fileRef = 1DB416741C97E55F006F3A50 /* Main.storyboard */; };
		1DB416781C97E55F006F3A50 /* Assets.xcassets in Resources */ = {isa = PBXBuildFile; fileRef = 1DB416771C97E55F006F3A50 /* Assets.xcassets */; };
		1DB4167B1C97E55F006F3A50 /* LaunchScreen.storyboard in Resources */ = {isa = PBXBuildFile; fileRef = 1DB416791C97E55F006F3A50 /* LaunchScreen.storyboard */; };
		1DB416931C97E5B2006F3A50 /* XPersistentThreadPool.m in Sources */ = {isa = PBXBuildFile; fileRef = 1DB416921C97E5B2006F3A50 /* XPersistentThreadPool.m */; };
		1DB4169B1C97E79A006F3A50 /* XPersistentThreadPoolTests.m in Sources */ = {isa = PBXBuildFile; fileRef = 1DB4169A1C97E79A006F3A50 /* XPersistentThreadPoolTests.m */; };
/* End PBXBuildFile section */

/* Begin PBXContainerItemProxy section */
		1DB4169D1C97E79A006F3A50 /* PBXContainerItemProxy */ = {
			isa = PBXContainerItemProxy;
			containerPortal = 1DB416601C97E55E006F3A50 /* Project object */;
			proxyType = 1;
			remoteGlobalIDString = 1DB416671C97E55E006F3A50;
			remoteInfo = XPersistentThreadPool;
		};
/* End PBXContainerItemProxy section */

/* Begin PBXFileReference section */
		1DB416681C97E55E006F3A50 /* XPersistentThreadPool.app */ = {isa = PBXFileReference; explicitFileType = wrapper.application; includeInIndex = 0; path = XPersistentThreadPool.app; sourceTree = BUILT_PRODUCTS_DIR; };
		1DB4166C1C97E55F006F3A50 /* main.m */ = {isa = PBXFileReference; lastKnownFileType = sourcecode.c.objc; path = main.m; sourceTree = "<group>"; };
		1DB4166E1C97E55F006F3A50 /* AppDelegate.h */ = {isa = PBXFileReference; lastKnownFileType = sourcecode.c.h; path = AppDelegate.h; sourceTree = "<group>"; };
		1DB4166F1C97E55F006F3A50 /* AppDelegate.m */ = {isa = PBXFileReference; lastKnownFileType = sourcecode.c.objc; path = AppDelegate.m; sourceTree = "<group>"; };
		1DB416711C97E55F006F3A50 /* ViewController.h */ = {isa = PBXFileReference; lastKnownFileType = sourcecode.c.h; path = ViewController.h; sourceTree = "<group>"; };
		1DB416721C97E55F006F3A50 /* ViewController.m */ = {isa = PBXFileReference; lastKnownFileType = sourcecode.c.objc; path = ViewController.m; sourceTree = "<group>"; };
		1DB416751C97E55F006F3A50 /* Base */ = {isa = PBXFileReference; lastKnownFileType = file.storyboard; name = Base; path = Base.lproj/Main.storyboard; sourceTree = "<group>"; };
		1DB416771C97E55F006F3A50 /* Assets.xcassets */ = {isa = PBXFileReference; lastKnownFileType = folder.assetcatalog; path = Assets.xcassets; sourceTree = "<group>"; };
		1DB4167A1C97E55F006F3A50 /* Base */ = {isa = PBXFileReference; lastKnownFileType = file.storyboard; name = Base; path = Base.lproj/LaunchScreen.storyboard; sourceTree = "<group>"; };
		1DB4167C1C97E55F006F3A50 /* Info.plist */ = {isa = PBXFileReference; lastKnownFileType = text.plist.xml; path = Info.plist; sourceTree = "<group>"; };
		1DB416911C97E5B2006F3A50 /* XPersistentThreadPool.h */ = {isa = PBXFileReference; fileEncoding = 4; lastKnownFileType = sourcecode.c.h; path = XPersistentThreadPool.h; sourceTree = "<group>"; };
		1DB416921C97E5B2006F3A50 /* XPersistentThreadPool.m */ = {isa = PBXFileReference; fileEncoding = 4; lastKnownFileType = sourcecode.c.objc; path = XPersistentThreadPool.m; sourceTree = "<group>"; };
		1DB416981C97E79A006F3A50 /* XPersistentThreadPoolTests.xctest */ = {isa = PBXFileReference; explicitFileType = wrapper.cfbundle; includeInIndex = 0; path = XPersistentThreadPoolTests.xctest; sourceTree = BUILT_PRODUCTS_DIR; };
		1DB4169A1C97E79A006F3A50 /* XPersistentThreadPoolTests.m */ = {isa = PBXFileReference; lastKnownFileType = sourcecode.c.objc; path = XPersistentThreadPoolTests.m; sourceTree = "<group>"; };
		1DB4169C1C97E79A006F3A50 /* Info.plist */ = {isa = PBXFileReference; lastKnownFileType = text.plist.xml; path = Info.plist; sourceTree = "<group>"; };
/* End PBXFileReference section */

/* Begin PBXFrameworksBuildPhase section */
		1DB416651C97E55E006F3A50 /* Frameworks */ = {
			isa = PBXFrameworksBuildPhase;
			buildActionMask = 2147483647;
			files = (
			);
			runOnlyForDeploymentPostprocessing = 0;
		};
		1DB416951C97E79A006F3A50 /* Frameworks */ = {
			isa = PBXFrameworksBuildPhase;
			buildActionMask = 2147483647;
			files = (
			);
			runOnlyForDeploymentPostprocessing = 0;
		};
/* End PBXFrameworksBuildPhase section */

/* Begin PBXGroup section */
		1DB4165F1C97E55E006F3A50 = {
			isa = PBXGroup;
			children = (
				1DB4166A1C97E55F006F3A50 /* XPersistentThreadPool */,
				1DB416991C97E79A006F3A50 /* XPersistentThreadPoolTests */,
				1DB416691C97E55E006F3A50 /* Products */,
			);
			sourceTree = "<group>";
		};
		1DB416691C97E55E006F3A50 /* Products */ = {
			isa = PBXGroup;
			children = (
				1DB416681C97E55E006F3A50 /* XPersistentThreadPool.app */,
				1DB416981C97E79A006F3A50 /* XPersistentThreadPoolTests.xctest */,
			);
			name = Products;
			sourceTree = "<group>";
		};
		1DB4166A1C97E55F006F3A50 /* XPersistentThreadPool */ = {
			isa = PBXGroup;
			children = (
				1DB416901C97E5A3006F3A50 /* src */,
				1DB4166E1C97E55F006F3A50 /* AppDelegate.h */,
				1DB4166F1C97E55F006F3A50 /* AppDelegate.m */,
				1DB416711C97E55F006F3A50 /* ViewController.h */,
				1DB416721C97E55F006F3A50 /* ViewController.m */,
				1DB416741C97E55F006F3A50 /* Main.storyboard */,
				1DB416771C97E55F006F3A50 /* Assets.xcassets */,
				1DB416791C97E55F006F3A50 /* LaunchScreen.storyboard */,
				1DB4167C1C97E55F006F3A50 /* Info.plist */,
				1DB4166B1C97E55F006F3A50 /* Supporting Files */,
			);
			path = XPersistentThreadPool;
			sourceTree = "<group>";
		};
		1DB4166B1C97E55F006F3A50 /* Supporting Files */ = {
			isa = PBXGroup;
			children = (
				1DB4166C1C97E55F006F3A50 /* main.m */,
			);
			name = "Supporting Files";
			sourceTree = "<group>";
		};
		1DB416901C97E5A3006F3A50 /* src */ = {
			isa = PBXGroup;
			children = (
				1DB416911C97E5B2006F3A50 /* XPersistentThreadPool.h */,
				1DB416921C97E5B2006F3A50 /* XPersistentThreadPool.m */,
			);
			path = src;
			sourceTree = "<group>";
		};
		1DB416991C97E79A006F3A50 /* XPersistentThreadPoolTests */ = {
			isa = PBXGroup;
			children = (
				1DB4169A1C97E79A006F3A50 /* XPersistentThreadPoolTests.m */,
				1DB4169C1C97E79A006F3A50 /* Info.plist */,
			);
			path = XPersistentThreadPoolTests;
			sourceTree = "<group>";
		};
/* End PBXGroup section */

/* Begin PBXNativeTarget section */
		1DB416671C97E55E006F3A50 /* XPersistentThreadPool */ = {
			isa = PBXNativeTarget;
			buildConfigurationList = 1DB4168A1C97E55F006F3A50 /* Build configuration list for PBXNativeTarget "XPersistentThreadPool" */;
			buildPhases = (
				1DB416641C97E55E006F3A50 /* Sources */,
				1DB416651C97E55E006F3A50 /* Frameworks */,
				1DB416661C97E55E006F3A50 /* Resources */,
			);
			buildRules = (
			);
			dependencies = (
			);
			name = XPersistentThreadPool;
			productName = XPersistentThreadPool;
			productReference = 1DB416681C97E55E006F3A50 /* XPersistentThreadPool.app */;
			productType = "com.apple.product-type.application";
		};
		1DB416971C97E79A006F3A50 /* XPersistentThreadPoolTests */ = {
			isa = PBXNativeTarget;
			buildConfigurationList = 1DB4169F1C97E79A006F3A50 /* Build configuration list for PBXNativeTarget "XPersistentThreadPoolTests" */;
			buildPhases = (
				1DB416941C97E79A006F3A50 /* Sources */,
				1DB416951C97E79A006F3A50 /* Frameworks */,
				1DB416961C97E79A006F3A50 /* Resources */,
			);
			buildRules = (
			);
			dependencies = (
				1DB4169E1C97E79A006F3A50 /* PBXTargetDependency */,
			);
			name = XPersistentThreadPoolTests;
			productName = XPersistentThreadPoolTests;
			productReference = 1DB416981C97E79A006F3A50 /* XPersistentThreadPoolTests.xctest */;
			productType = "com.apple.product-type.bundle.unit-test";
		};
/* End PBXNativeTarget section */

/* Begin PBXProject section */
		1DB416601C97E55E006F3A50 /* Project object */ = {
			isa = PBXProject;
			attributes = {
				LastUpgradeCheck = 0720;
				ORGANIZATIONNAME = "_Finder丶Tiwk";
				TargetAttributes = {
					1DB416671C97E55E006F3A50 = {
						CreatedOnToolsVersion = 7.2;
					};
					1DB416971C97E79A006F3A50 = {
						CreatedOnToolsVersion = 7.2;
						TestTargetID = 1DB416671C97E55E006F3A50;
					};
				};
			};
			buildConfigurationList = 1DB416631C97E55E006F3A50 /* Build configuration list for PBXProject "XPersistentThreadPool" */;
			compatibilityVersion = "Xcode 3.2";
			developmentRegion = English;
			hasScannedForEncodings = 0;
			knownRegions = (
				en,
				Base,
			);
			mainGroup = 1DB4165F1C97E55E006F3A50;
			productRefGroup = 1DB416691C97E55E006F3A50 /* Products */;
			projectDirPath = "";
			projectRoot = "";
			targets = (
				1DB416671C97E55E006F3A50 /* XPersistentThreadPool */,
				1DB416971C97E79A006F3A50 /* XPersistentThreadPoolTests */,
			);
		};
/* End PBXProject section */

/* Begin PBXResourcesBuildPhase section */
		1DB416661C97E55E006F3A50 /* Resources */ = {
			isa = PBXResourcesBuildPhase;
			buildActionMask = 2147483647;
			files = (
				1DB4167B1C97E55F006F3A50 /* LaunchScreen.storyboard in Resources */,
				1DB416781C97E55F006F3A50 /* Assets.xcassets in Resources */,
				1DB416761C97E55F006F3A50 /* Main.storyboard in Resources */,
			);
			runOnlyForDeploymentPostprocessing = 0;
		};
		1DB416961C97E79A006F3A50 /* Resources */ = {
			isa = PBXResourcesBuildPhase;
			buildActionMask = 2147483647;
			files = (
			);
			runOnlyForDeploymentPostprocessing = 0;
		};
/* End PBXResourcesBuildPhase section */

/* Begin PBXSourcesBuildPhase section */
		1DB416641C97E55E006F3A50 /* Sources */ = {
			isa = PBXSourcesBuildPhase;
			buildActionMask = 2147483647;
			files = (
				1DB416731C97E55F006F3A50 /* ViewController.m in Sources */,
				1DB416931C97E5B2006F3A50 /* XPersistentThreadPool.m in Sources */,
				1DB416701C97E55F006F3A50 /* AppDelegate.m in Sources */,
				1DB4166D1C97E55F006F3A50 /* main.m in Sources */,
			);
			runOnlyForDeploymentPostprocessing = 0;
		};
		1DB416941C97E79A006F3A50 /* Sources */ = {
			isa = PBXSourcesBuildPhase;
			buildActionMask = 2147483647;
			files = (
				1DB4169B1C97E79A006F3A50 /* XPersistentThreadPoolTests.m in Sources */,
			);
			runOnlyForDeploymentPostprocessing = 0;
		};
/* End PBXSourcesBuildPhase section */

/* Begin PBXTargetDependency section */
		1DB4169E1C97E79A006F3A50 /* PBXTargetDependency */ = {
			isa = PBXTargetDependency;
			target = 1DB416671C97E55E006F3A50 /* XPersistentThreadPool */;
			targetProxy = 1DB4169D1C97E79A006F3A50 /* PBXContainerItemProxy */;
		};
/* End PBXTargetDependency section */

/* Begin PBXVariantGroup section */
		1DB416741C97E55F006F3A50 /* Main.storyboard */ = {
			isa = PBXVariantGroup;
			children = (
				1DB416751C97E55F006F3A50 /* Base */,
			);
			name = Main.storyboard;
			sourceTree = "<group>";
		};
		1DB416791C97E55F006F3A50 /* LaunchScreen.storyboard */ = {
			isa = PBXVariantGroup;
			children = (
				1DB4167A1C97E55F006F3A50 /* Base */,
			);
			name = LaunchScreen.storyboard;
			sourceTree = "<group>";
		};
/* End PBXVariantGroup section */

/* Begin XCBuildConfiguration section */
		1DB416881C97E55F006F3A50 /* Debug */ = {
			isa = XCBuildConfiguration;
			buildSettings = {
				ALWAYS_SEARCH_USER_PATHS = NO;
				CLANG_CXX_LANGUAGE_STANDARD = "gnu++0x";
				CLANG_CXX_LIBRARY = "libc++";
				CLANG_ENABLE_MODULES = YES;
				CLANG_ENABLE_OBJC_ARC = YES;
				CLANG_WARN_BOOL_CONVERSION = YES;
				CLANG_WARN_CONSTANT_CONVERSION = YES;
				CLANG_WARN_DIRECT_OBJC_ISA_USAGE = YES_ERROR;
				CLANG_WARN_EMPTY_BODY = YES;
				CLANG_WARN_ENUM_CONVERSION = YES;
				CLANG_WARN_INT_CONVERSION = YES;
				CLANG_WARN_OBJC_ROOT_CLASS = YES_ERROR;
				CLANG_WARN_UNREACHABLE_CODE = YES;
				CLANG_WARN__DUPLICATE_METHOD_MATCH = YES;
				"CODE_SIGN_IDENTITY[sdk=iphoneos*]" = "iPhone Developer";
				COPY_PHASE_STRIP = NO;
				DEBUG_INFORMATION_FORMAT = dwarf;
				ENABLE_STRICT_OBJC_MSGSEND = YES;
				ENABLE_TESTABILITY = YES;
				GCC_C_LANGUAGE_STANDARD = gnu99;
				GCC_DYNAMIC_NO_PIC = NO;
				GCC_NO_COMMON_BLOCKS = YES;
				GCC_OPTIMIZATION_LEVEL = 0;
				GCC_PREPROCESSOR_DEFINITIONS = (
					"DEBUG=1",
					"$(inherited)",
				);
				GCC_WARN_64_TO_32_BIT_CONVERSION = YES;
				GCC_WARN_ABOUT_RETURN_TYPE = YES_ERROR;
				GCC_WARN_UNDECLARED_SELECTOR = YES;
				GCC_WARN_UNINITIALIZED_AUTOS = YES_AGGRESSIVE;
				GCC_WARN_UNUSED_FUNCTION = YES;
				GCC_WARN_UNUSED_VARIABLE = YES;
				IPHONEOS_DEPLOYMENT_TARGET = 9.2;
				MTL_ENABLE_DEBUG_INFO = YES;
				ONLY_ACTIVE_ARCH = YES;
				SDKROOT = iphoneos;
				TARGETED_DEVICE_FAMILY = "1,2";
			};
			name = Debug;
		};
		1DB416891C97E55F006F3A50 /* Release */ = {
			isa = XCBuildConfiguration;
			buildSettings = {
				ALWAYS_SEARCH_USER_PATHS = NO;
				CLANG_CXX_LANGUAGE_STANDARD = "gnu++0x";
				CLANG_CXX_LIBRARY = "libc++";
				CLANG_ENABLE_MODULES = YES;
				CLANG_ENABLE_OBJC_ARC = YES;
				CLANG_WARN_BOOL_CONVERSION = YES;
				CLANG_WARN_CONSTANT_CONVERSION = YES;
				CLANG_WARN_DIRECT_OBJC_ISA_USAGE = YES_ERROR;
				CLANG_WARN_EMPTY_BODY = YES;
				CLANG_WARN_ENUM_CONVERSION = YES;
				CLANG_WARN_INT_CONVERSION = YES;
				CLANG_WARN_OBJC_ROOT_CLASS = YES_ERROR;
				CLANG_WARN_UNREACHABLE_CODE = YES;
				CLANG_WARN__DUPLICATE_METHOD_MATCH = YES;
				"CODE_SIGN_IDENTITY[sdk=iphoneos*]" = "iPhone Developer";
				COPY_PHASE_STRIP = NO;
				DEBUG_INFORMATION_FORMAT = "dwarf-with-dsym";
				ENABLE_NS_ASSERTIONS = NO;
				ENABLE_STRICT_OBJC_MSGSEND = YES;
				GCC_C_LANGUAGE_STANDARD = gnu99;
				GCC_NO_COMMON_BLOCKS = YES;
				GCC_WARN_64_TO_32_BIT_CONVERSION = YES;
				GCC_WARN_ABOUT_RETURN_TYPE = YES_ERROR;
				GCC_WARN_UNDECLARED_SELECTOR = YES;
				GCC_WARN_UNINITIALIZED_AUTOS = YES_AGGRESSIVE;
				GCC_WARN_UNUSED_FUNCTION = YES;
				GCC_WARN_UNUSED_VARIABLE = YES;
				IPHONEOS_DEPLOYMENT_TARGET = 9.2;
				MTL_ENABLE_DEBUG_INFO = NO;
				SDKROOT = iphoneos;
				TARGETED_DEVICE_FAMILY = "1,2";
				VALIDATE_PRODUCT = YES;
			};
			name = Release;
		};
		1DB4168B1C97E55F006F3A50 /* Debug */ = {
			isa = XCBuildConfiguration;
			buildSettings = {
				ASSETCATALOG_COMPILER_APPICON_NAME = AppIcon;
				INFOPLIST_FILE = XPersistentThreadPool/Info.plist;
				LD_RUNPATH_SEARCH_PATHS = "$(inherited) @executable_path/Frameworks";
				PRODUCT_BUNDLE_IDENTIFIER = www.xkeshi.com.XPersistentThreadPool;
				PRODUCT_NAME = "$(TARGET_NAME)";
			};
			name = Debug;
		};
		1DB4168C1C97E55F006F3A50 /* Release */ = {
			isa = XCBuildConfiguration;
			buildSettings = {
				ASSETCATALOG_COMPILER_APPICON_NAME = AppIcon;
				INFOPLIST_FILE = XPersistentThreadPool/Info.plist;
				LD_RUNPATH_SEARCH_PATHS = "$(inherited) @executable_path/Frameworks";
				PRODUCT_BUNDLE_IDENTIFIER = www.xkeshi.com.XPersistentThreadPool;
				PRODUCT_NAME = "$(TARGET_NAME)";
			};
			name = Release;
		};
		1DB416A01C97E79A006F3A50 /* Debug */ = {
			isa = XCBuildConfiguration;
			buildSettings = {
				BUNDLE_LOADER = "$(TEST_HOST)";
				CLANG_WARN_OBJC_IMPLICIT_RETAIN_SELF = YES;
				INFOPLIST_FILE = XPersistentThreadPoolTests/Info.plist;
				LD_RUNPATH_SEARCH_PATHS = "$(inherited) @executable_path/Frameworks @loader_path/Frameworks";
				PRODUCT_BUNDLE_IDENTIFIER = www.xkeshi.com.XPersistentThreadPoolTests;
				PRODUCT_NAME = "$(TARGET_NAME)";
				TEST_HOST = "$(BUILT_PRODUCTS_DIR)/XPersistentThreadPool.app/XPersistentThreadPool";
			};
			name = Debug;
		};
		1DB416A11C97E79A006F3A50 /* Release */ = {
			isa = XCBuildConfiguration;
			buildSettings = {
				BUNDLE_LOADER = "$(TEST_HOST)";
				CLANG_WARN_OBJC_IMPLICIT_RETAIN_SELF = YES;
				INFOPLIST_FILE = XPersistentThreadPoolTests/Info.plist;
				LD_RUNPATH_SEARCH_PATHS = "$(inherited) @executable_path/Frameworks @loader_path/Frameworks";
				PRODUCT_BUNDLE_IDENTIFIER = www.xkeshi.com.XPersistentThreadPoolTests;
				PRODUCT_NAME = "$(TARGET_NAME)";
				TEST_HOST = "$(BUILT_PRODUCTS_DIR)/XPersistentThreadPool.app/XPersistentThreadPool";
			};
			name = Release;
		};
/* End XCBuildConfiguration section */

/* Begin XCConfigurationList section */
		1DB416631C97E55E006F3A50 /* Build configuration list for PBXProject "XPersistentThreadPool" */ = {
			isa = XCConfigurationList;
			buildConfigurations = (
				1DB416881C97E55F006F3A50 /* Debug */,
				1DB416891C97E55F006F3A50 /* Release */,
			);
			defaultConfigurationIsVisible = 0;
			defaultConfigurationName = Release;
		};
		1DB4168A1C97E55F006F3A50 /* Build configuration list for PBXNativeTarget "XPersistentThreadPool" */ = {
			isa = XCConfigurationList;
			buildConfigurations = (
				1DB4168B1C97E55F006F3A50 /* Debug */,
				1DB4168C1C97E55F006F3A50 /* Release */,
			);
			defaultConfigurationIsVisible = 0;
			defaultConfigurationName = Release;
		};
		1DB4169F1C97E79A006F3A50 /* Build configuration list for PBXNativeTarget "XPersistentThreadPoolTests" */ = {
			isa = XCConfigurationList;
			buildConfigurations = (
				1DB416A01C97E79A006F3A50 /* Debug */,
				1DB416A11C97E79A006F3A50 /* Release */,
			);
			defaultConfigurationIsVisible = 0;
			defaultConfigurationName = Release;
		};
/* End XCConfigurationList section */
	};
	rootObject = 1DB416601C97E55E006F3A50 /* Project object */;
}
